// !$*UTF8*$!
{
	archiveVersion = 1;
	classes = {
	};
	objectVersion = 55;
	objects = {

/* Begin PBXBuildFile section */
		B62C783E28D309DC001243D0 /* GamesCollectionView.swift in Sources */ = {isa = PBXBuildFile; fileRef = B62C783D28D309DC001243D0 /* GamesCollectionView.swift */; };
		B62C784128D328EA001243D0 /* GamesCollectionViewController.swift in Sources */ = {isa = PBXBuildFile; fileRef = B62C784028D328EA001243D0 /* GamesCollectionViewController.swift */; };
		B62C784428D3769B001243D0 /* UpcomingGameViewController.swift in Sources */ = {isa = PBXBuildFile; fileRef = B62C784328D3769B001243D0 /* UpcomingGameViewController.swift */; };
		B62C784728D4B4DC001243D0 /* JGProgressHUD in Frameworks */ = {isa = PBXBuildFile; productRef = B62C784628D4B4DC001243D0 /* JGProgressHUD */; };
		B62C784928D4C0BF001243D0 /* DetailsModel.swift in Sources */ = {isa = PBXBuildFile; fileRef = B62C784828D4C0BF001243D0 /* DetailsModel.swift */; };
		B62C784D28D4C8BC001243D0 /* ScreenshotsModel.swift in Sources */ = {isa = PBXBuildFile; fileRef = B62C784C28D4C8BC001243D0 /* ScreenshotsModel.swift */; };
		B62C784F28D4C97D001243D0 /* DetailsAPIManager.swift in Sources */ = {isa = PBXBuildFile; fileRef = B62C784E28D4C97D001243D0 /* DetailsAPIManager.swift */; };
		B62C785628D63AD5001243D0 /* SettingsViewController.swift in Sources */ = {isa = PBXBuildFile; fileRef = B62C785528D63AD5001243D0 /* SettingsViewController.swift */; };
		B62C785A28D63D44001243D0 /* SettingsTableViewCell.swift in Sources */ = {isa = PBXBuildFile; fileRef = B62C785928D63D44001243D0 /* SettingsTableViewCell.swift */; };
		B62C785D28D693F8001243D0 /* Toast in Frameworks */ = {isa = PBXBuildFile; productRef = B62C785C28D693F8001243D0 /* Toast */; };
		B62C785F28D6A232001243D0 /* SettingsEnum.swift in Sources */ = {isa = PBXBuildFile; fileRef = B62C785E28D6A232001243D0 /* SettingsEnum.swift */; };
		B62C786228D6F32E001243D0 /* DeviceKit in Frameworks */ = {isa = PBXBuildFile; productRef = B62C786128D6F32E001243D0 /* DeviceKit */; };
		B686B06C28CA12D70042D727 /* AppDelegate.swift in Sources */ = {isa = PBXBuildFile; fileRef = B686B06B28CA12D70042D727 /* AppDelegate.swift */; };
		B686B06E28CA12D70042D727 /* SceneDelegate.swift in Sources */ = {isa = PBXBuildFile; fileRef = B686B06D28CA12D70042D727 /* SceneDelegate.swift */; };
		B686B07528CA12D80042D727 /* Assets.xcassets in Resources */ = {isa = PBXBuildFile; fileRef = B686B07428CA12D80042D727 /* Assets.xcassets */; };
		B686B08228CA14690042D727 /* Localizable.strings in Resources */ = {isa = PBXBuildFile; fileRef = B686B08428CA14690042D727 /* Localizable.strings */; };
		B686B08928CA168C0042D727 /* InfoPlist.strings in Resources */ = {isa = PBXBuildFile; fileRef = B686B08B28CA168C0042D727 /* InfoPlist.strings */; };
		B686B08F28CA18480042D727 /* BaseView.swift in Sources */ = {isa = PBXBuildFile; fileRef = B686B08E28CA18480042D727 /* BaseView.swift */; };
		B686B09428CA18E80042D727 /* BaseViewController.swift in Sources */ = {isa = PBXBuildFile; fileRef = B686B09328CA18E80042D727 /* BaseViewController.swift */; };
		B686B09728CA19250042D727 /* ColorSet.swift in Sources */ = {isa = PBXBuildFile; fileRef = B686B09628CA19250042D727 /* ColorSet.swift */; };
		B686B09C28CA19BC0042D727 /* NewGameViewController.swift in Sources */ = {isa = PBXBuildFile; fileRef = B686B09B28CA19BC0042D727 /* NewGameViewController.swift */; };
		B686B09E28CA1EA30042D727 /* GamesCollectionViewCell.swift in Sources */ = {isa = PBXBuildFile; fileRef = B686B09D28CA1EA30042D727 /* GamesCollectionViewCell.swift */; };
		B686B0A128CA1EE20042D727 /* SnapKit in Frameworks */ = {isa = PBXBuildFile; productRef = B686B0A028CA1EE20042D727 /* SnapKit */; };
		B686B0A328CA1FAA0042D727 /* ReusableIdentifier.swift in Sources */ = {isa = PBXBuildFile; fileRef = B686B0A228CA1FAA0042D727 /* ReusableIdentifier.swift */; };
		B686B0A528CA1FB50042D727 /* UIViewController+Extension.swift in Sources */ = {isa = PBXBuildFile; fileRef = B686B0A428CA1FB50042D727 /* UIViewController+Extension.swift */; };
		B686B0A828CA20880042D727 /* TabBarController.swift in Sources */ = {isa = PBXBuildFile; fileRef = B686B0A728CA20880042D727 /* TabBarController.swift */; };
		B686B0AC28CA27F00042D727 /* IconSet.swift in Sources */ = {isa = PBXBuildFile; fileRef = B686B0AB28CA27F00042D727 /* IconSet.swift */; };
		B686B0AF28CA4EE50042D727 /* GamesModel.swift in Sources */ = {isa = PBXBuildFile; fileRef = B686B0AE28CA4EE50042D727 /* GamesModel.swift */; };
		B686B0B128CA4EF20042D727 /* GamesAPIManager.swift in Sources */ = {isa = PBXBuildFile; fileRef = B686B0B028CA4EF20042D727 /* GamesAPIManager.swift */; };
		B686B0B328CA57680042D727 /* APIKey.swift in Sources */ = {isa = PBXBuildFile; fileRef = B686B0B228CA57680042D727 /* APIKey.swift */; };
		B686B0B628CB0BA10042D727 /* APIQuery.swift in Sources */ = {isa = PBXBuildFile; fileRef = B686B0B528CB0BA10042D727 /* APIQuery.swift */; };
		B686B0B828CB1D040042D727 /* String+Extension.swift in Sources */ = {isa = PBXBuildFile; fileRef = B686B0B728CB1D040042D727 /* String+Extension.swift */; };
		B686B0BA28CB1DF80042D727 /* Localization.swift in Sources */ = {isa = PBXBuildFile; fileRef = B686B0B928CB1DF80042D727 /* Localization.swift */; };
		B686B0BD28CB3C5E0042D727 /* Kingfisher in Frameworks */ = {isa = PBXBuildFile; productRef = B686B0BC28CB3C5E0042D727 /* Kingfisher */; };
		B686B0BF28CB48B60042D727 /* RatingViewController.swift in Sources */ = {isa = PBXBuildFile; fileRef = B686B0BE28CB48B60042D727 /* RatingViewController.swift */; };
		B686B0C328D08B0B0042D727 /* APIPeriod.swift in Sources */ = {isa = PBXBuildFile; fileRef = B686B0C228D08B0B0042D727 /* APIPeriod.swift */; };
		B686B0C528D08D4A0042D727 /* SearchViewController.swift in Sources */ = {isa = PBXBuildFile; fileRef = B686B0C428D08D4A0042D727 /* SearchViewController.swift */; };
		B686B0C928D0CA580042D727 /* DetailsViewController.swift in Sources */ = {isa = PBXBuildFile; fileRef = B686B0C828D0CA580042D727 /* DetailsViewController.swift */; };
		B686B0CB28D0CA630042D727 /* DetailsView.swift in Sources */ = {isa = PBXBuildFile; fileRef = B686B0CA28D0CA630042D727 /* DetailsView.swift */; };
		B686B0CD28D0CAC60042D727 /* BannerCollectionViewCell.swift in Sources */ = {isa = PBXBuildFile; fileRef = B686B0CC28D0CAC60042D727 /* BannerCollectionViewCell.swift */; };
		B686B0D728D1EF160042D727 /* Observable.swift in Sources */ = {isa = PBXBuildFile; fileRef = B686B0D628D1EF160042D727 /* Observable.swift */; };
/* End PBXBuildFile section */

/* Begin PBXFileReference section */
		B62C783D28D309DC001243D0 /* GamesCollectionView.swift */ = {isa = PBXFileReference; lastKnownFileType = sourcecode.swift; path = GamesCollectionView.swift; sourceTree = "<group>"; };
		B62C784028D328EA001243D0 /* GamesCollectionViewController.swift */ = {isa = PBXFileReference; lastKnownFileType = sourcecode.swift; path = GamesCollectionViewController.swift; sourceTree = "<group>"; };
		B62C784328D3769B001243D0 /* UpcomingGameViewController.swift */ = {isa = PBXFileReference; lastKnownFileType = sourcecode.swift; path = UpcomingGameViewController.swift; sourceTree = "<group>"; };
		B62C784828D4C0BF001243D0 /* DetailsModel.swift */ = {isa = PBXFileReference; lastKnownFileType = sourcecode.swift; path = DetailsModel.swift; sourceTree = "<group>"; };
		B62C784C28D4C8BC001243D0 /* ScreenshotsModel.swift */ = {isa = PBXFileReference; lastKnownFileType = sourcecode.swift; path = ScreenshotsModel.swift; sourceTree = "<group>"; };
		B62C784E28D4C97D001243D0 /* DetailsAPIManager.swift */ = {isa = PBXFileReference; lastKnownFileType = sourcecode.swift; path = DetailsAPIManager.swift; sourceTree = "<group>"; };
		B62C785528D63AD5001243D0 /* SettingsViewController.swift */ = {isa = PBXFileReference; lastKnownFileType = sourcecode.swift; path = SettingsViewController.swift; sourceTree = "<group>"; };
		B62C785928D63D44001243D0 /* SettingsTableViewCell.swift */ = {isa = PBXFileReference; lastKnownFileType = sourcecode.swift; path = SettingsTableViewCell.swift; sourceTree = "<group>"; };
		B62C785E28D6A232001243D0 /* SettingsEnum.swift */ = {isa = PBXFileReference; lastKnownFileType = sourcecode.swift; path = SettingsEnum.swift; sourceTree = "<group>"; };
		B686B06828CA12D70042D727 /* GameDove.app */ = {isa = PBXFileReference; explicitFileType = wrapper.application; includeInIndex = 0; path = GameDove.app; sourceTree = BUILT_PRODUCTS_DIR; };
		B686B06B28CA12D70042D727 /* AppDelegate.swift */ = {isa = PBXFileReference; lastKnownFileType = sourcecode.swift; path = AppDelegate.swift; sourceTree = "<group>"; };
		B686B06D28CA12D70042D727 /* SceneDelegate.swift */ = {isa = PBXFileReference; lastKnownFileType = sourcecode.swift; path = SceneDelegate.swift; sourceTree = "<group>"; };
		B686B07428CA12D80042D727 /* Assets.xcassets */ = {isa = PBXFileReference; lastKnownFileType = folder.assetcatalog; path = Assets.xcassets; sourceTree = "<group>"; };
		B686B07928CA12D80042D727 /* Info.plist */ = {isa = PBXFileReference; lastKnownFileType = text.plist.xml; path = Info.plist; sourceTree = "<group>"; };
		B686B08328CA14690042D727 /* en */ = {isa = PBXFileReference; lastKnownFileType = text.plist.strings; name = en; path = en.lproj/Localizable.strings; sourceTree = "<group>"; };
		B686B08528CA14B00042D727 /* ko */ = {isa = PBXFileReference; lastKnownFileType = text.plist.strings; name = ko; path = ko.lproj/Localizable.strings; sourceTree = "<group>"; };
		B686B08628CA14BA0042D727 /* ja */ = {isa = PBXFileReference; lastKnownFileType = text.plist.strings; name = ja; path = ja.lproj/Localizable.strings; sourceTree = "<group>"; };
		B686B08A28CA168C0042D727 /* en */ = {isa = PBXFileReference; lastKnownFileType = text.plist.strings; name = en; path = en.lproj/InfoPlist.strings; sourceTree = "<group>"; };
		B686B08C28CA168D0042D727 /* ja */ = {isa = PBXFileReference; lastKnownFileType = text.plist.strings; name = ja; path = ja.lproj/InfoPlist.strings; sourceTree = "<group>"; };
		B686B08D28CA168E0042D727 /* ko */ = {isa = PBXFileReference; lastKnownFileType = text.plist.strings; name = ko; path = ko.lproj/InfoPlist.strings; sourceTree = "<group>"; };
		B686B08E28CA18480042D727 /* BaseView.swift */ = {isa = PBXFileReference; lastKnownFileType = sourcecode.swift; path = BaseView.swift; sourceTree = "<group>"; };
		B686B09328CA18E80042D727 /* BaseViewController.swift */ = {isa = PBXFileReference; lastKnownFileType = sourcecode.swift; path = BaseViewController.swift; sourceTree = "<group>"; };
		B686B09628CA19250042D727 /* ColorSet.swift */ = {isa = PBXFileReference; fileEncoding = 4; lastKnownFileType = sourcecode.swift; path = ColorSet.swift; sourceTree = "<group>"; };
		B686B09B28CA19BC0042D727 /* NewGameViewController.swift */ = {isa = PBXFileReference; lastKnownFileType = sourcecode.swift; path = NewGameViewController.swift; sourceTree = "<group>"; };
		B686B09D28CA1EA30042D727 /* GamesCollectionViewCell.swift */ = {isa = PBXFileReference; lastKnownFileType = sourcecode.swift; path = GamesCollectionViewCell.swift; sourceTree = "<group>"; };
		B686B0A228CA1FAA0042D727 /* ReusableIdentifier.swift */ = {isa = PBXFileReference; fileEncoding = 4; lastKnownFileType = sourcecode.swift; path = ReusableIdentifier.swift; sourceTree = "<group>"; };
		B686B0A428CA1FB50042D727 /* UIViewController+Extension.swift */ = {isa = PBXFileReference; fileEncoding = 4; lastKnownFileType = sourcecode.swift; path = "UIViewController+Extension.swift"; sourceTree = "<group>"; };
		B686B0A728CA20880042D727 /* TabBarController.swift */ = {isa = PBXFileReference; lastKnownFileType = sourcecode.swift; path = TabBarController.swift; sourceTree = "<group>"; };
		B686B0AB28CA27F00042D727 /* IconSet.swift */ = {isa = PBXFileReference; lastKnownFileType = sourcecode.swift; path = IconSet.swift; sourceTree = "<group>"; };
		B686B0AE28CA4EE50042D727 /* GamesModel.swift */ = {isa = PBXFileReference; lastKnownFileType = sourcecode.swift; path = GamesModel.swift; sourceTree = "<group>"; };
		B686B0B028CA4EF20042D727 /* GamesAPIManager.swift */ = {isa = PBXFileReference; lastKnownFileType = sourcecode.swift; path = GamesAPIManager.swift; sourceTree = "<group>"; };
		B686B0B228CA57680042D727 /* APIKey.swift */ = {isa = PBXFileReference; lastKnownFileType = sourcecode.swift; path = APIKey.swift; sourceTree = "<group>"; };
		B686B0B528CB0BA10042D727 /* APIQuery.swift */ = {isa = PBXFileReference; lastKnownFileType = sourcecode.swift; path = APIQuery.swift; sourceTree = "<group>"; };
		B686B0B728CB1D040042D727 /* String+Extension.swift */ = {isa = PBXFileReference; lastKnownFileType = sourcecode.swift; path = "String+Extension.swift"; sourceTree = "<group>"; };
		B686B0B928CB1DF80042D727 /* Localization.swift */ = {isa = PBXFileReference; lastKnownFileType = sourcecode.swift; path = Localization.swift; sourceTree = "<group>"; };
		B686B0BE28CB48B60042D727 /* RatingViewController.swift */ = {isa = PBXFileReference; lastKnownFileType = sourcecode.swift; path = RatingViewController.swift; sourceTree = "<group>"; };
		B686B0C228D08B0B0042D727 /* APIPeriod.swift */ = {isa = PBXFileReference; lastKnownFileType = sourcecode.swift; path = APIPeriod.swift; sourceTree = "<group>"; };
		B686B0C428D08D4A0042D727 /* SearchViewController.swift */ = {isa = PBXFileReference; lastKnownFileType = sourcecode.swift; path = SearchViewController.swift; sourceTree = "<group>"; };
		B686B0C828D0CA580042D727 /* DetailsViewController.swift */ = {isa = PBXFileReference; lastKnownFileType = sourcecode.swift; path = DetailsViewController.swift; sourceTree = "<group>"; };
		B686B0CA28D0CA630042D727 /* DetailsView.swift */ = {isa = PBXFileReference; lastKnownFileType = sourcecode.swift; path = DetailsView.swift; sourceTree = "<group>"; };
		B686B0CC28D0CAC60042D727 /* BannerCollectionViewCell.swift */ = {isa = PBXFileReference; lastKnownFileType = sourcecode.swift; path = BannerCollectionViewCell.swift; sourceTree = "<group>"; };
		B686B0D628D1EF160042D727 /* Observable.swift */ = {isa = PBXFileReference; lastKnownFileType = sourcecode.swift; path = Observable.swift; sourceTree = "<group>"; };
/* End PBXFileReference section */

/* Begin PBXFrameworksBuildPhase section */
		B686B06528CA12D70042D727 /* Frameworks */ = {
			isa = PBXFrameworksBuildPhase;
			buildActionMask = 2147483647;
			files = (
				B62C785D28D693F8001243D0 /* Toast in Frameworks */,
				B62C786228D6F32E001243D0 /* DeviceKit in Frameworks */,
				B62C784728D4B4DC001243D0 /* JGProgressHUD in Frameworks */,
				B686B0BD28CB3C5E0042D727 /* Kingfisher in Frameworks */,
				B686B0A128CA1EE20042D727 /* SnapKit in Frameworks */,
			);
			runOnlyForDeploymentPostprocessing = 0;
		};
/* End PBXFrameworksBuildPhase section */

/* Begin PBXGroup section */
		B62C783C28D307B4001243D0 /* Protocol */ = {
			isa = PBXGroup;
			children = (
				B686B0A228CA1FAA0042D727 /* ReusableIdentifier.swift */,
				B62C783D28D309DC001243D0 /* GamesCollectionView.swift */,
			);
			path = Protocol;
			sourceTree = "<group>";
		};
		B62C784A28D4C883001243D0 /* Model */ = {
			isa = PBXGroup;
			children = (
				B686B0AE28CA4EE50042D727 /* GamesModel.swift */,
				B62C784828D4C0BF001243D0 /* DetailsModel.swift */,
				B62C784C28D4C8BC001243D0 /* ScreenshotsModel.swift */,
			);
			path = Model;
			sourceTree = "<group>";
		};
		B62C784B28D4C892001243D0 /* APIManager */ = {
			isa = PBXGroup;
			children = (
				B686B0B028CA4EF20042D727 /* GamesAPIManager.swift */,
				B62C784E28D4C97D001243D0 /* DetailsAPIManager.swift */,
			);
			path = APIManager;
			sourceTree = "<group>";
		};
		B686B05F28CA12D70042D727 = {
			isa = PBXGroup;
			children = (
				B686B06A28CA12D70042D727 /* GameDove */,
				B686B06928CA12D70042D727 /* Products */,
			);
			sourceTree = "<group>";
		};
		B686B06928CA12D70042D727 /* Products */ = {
			isa = PBXGroup;
			children = (
				B686B06828CA12D70042D727 /* GameDove.app */,
			);
			name = Products;
			sourceTree = "<group>";
		};
		B686B06A28CA12D70042D727 /* GameDove */ = {
			isa = PBXGroup;
			children = (
				B686B06B28CA12D70042D727 /* AppDelegate.swift */,
				B686B06D28CA12D70042D727 /* SceneDelegate.swift */,
				B686B0A728CA20880042D727 /* TabBarController.swift */,
				B686B0D628D1EF160042D727 /* Observable.swift */,
				B62C785E28D6A232001243D0 /* SettingsEnum.swift */,
				B686B0A628CA1FB90042D727 /* Extension */,
				B62C783C28D307B4001243D0 /* Protocol */,
				B686B09128CA186A0042D727 /* Utility */,
				B686B07F28CA140E0042D727 /* Localization */,
				B686B0AD28CA4E7A0042D727 /* API */,
				B686B0A928CA22DA0042D727 /* View */,
				B686B09828CA19790042D727 /* VC */,
				B686B07428CA12D80042D727 /* Assets.xcassets */,
				B686B07928CA12D80042D727 /* Info.plist */,
			);
			path = GameDove;
			sourceTree = "<group>";
		};
		B686B07F28CA140E0042D727 /* Localization */ = {
			isa = PBXGroup;
			children = (
				B686B0B928CB1DF80042D727 /* Localization.swift */,
				B686B08428CA14690042D727 /* Localizable.strings */,
				B686B08B28CA168C0042D727 /* InfoPlist.strings */,
			);
			path = Localization;
			sourceTree = "<group>";
		};
		B686B09028CA185B0042D727 /* Base */ = {
			isa = PBXGroup;
			children = (
				B686B08E28CA18480042D727 /* BaseView.swift */,
				B686B09328CA18E80042D727 /* BaseViewController.swift */,
			);
			path = Base;
			sourceTree = "<group>";
		};
		B686B09128CA186A0042D727 /* Utility */ = {
			isa = PBXGroup;
			children = (
				B686B09028CA185B0042D727 /* Base */,
				B686B0AA28CA27D50042D727 /* Set */,
			);
			path = Utility;
			sourceTree = "<group>";
		};
		B686B09828CA19790042D727 /* VC */ = {
			isa = PBXGroup;
			children = (
				B62C784028D328EA001243D0 /* GamesCollectionViewController.swift */,
				B686B09B28CA19BC0042D727 /* NewGameViewController.swift */,
				B686B0BE28CB48B60042D727 /* RatingViewController.swift */,
				B62C784328D3769B001243D0 /* UpcomingGameViewController.swift */,
				B686B0C428D08D4A0042D727 /* SearchViewController.swift */,
				B686B0C828D0CA580042D727 /* DetailsViewController.swift */,
				B62C785528D63AD5001243D0 /* SettingsViewController.swift */,
			);
			path = VC;
			sourceTree = "<group>";
		};
		B686B0A628CA1FB90042D727 /* Extension */ = {
			isa = PBXGroup;
			children = (
				B686B0A428CA1FB50042D727 /* UIViewController+Extension.swift */,
				B686B0B728CB1D040042D727 /* String+Extension.swift */,
			);
			path = Extension;
			sourceTree = "<group>";
		};
		B686B0A928CA22DA0042D727 /* View */ = {
			isa = PBXGroup;
			children = (
				B686B09D28CA1EA30042D727 /* GamesCollectionViewCell.swift */,
				B686B0CC28D0CAC60042D727 /* BannerCollectionViewCell.swift */,
				B62C785928D63D44001243D0 /* SettingsTableViewCell.swift */,
				B686B0CA28D0CA630042D727 /* DetailsView.swift */,
			);
			path = View;
			sourceTree = "<group>";
		};
		B686B0AA28CA27D50042D727 /* Set */ = {
			isa = PBXGroup;
			children = (
				B686B09628CA19250042D727 /* ColorSet.swift */,
				B686B0AB28CA27F00042D727 /* IconSet.swift */,
			);
			path = Set;
			sourceTree = "<group>";
		};
		B686B0AD28CA4E7A0042D727 /* API */ = {
			isa = PBXGroup;
			children = (
				B686B0B228CA57680042D727 /* APIKey.swift */,
				B686B0B528CB0BA10042D727 /* APIQuery.swift */,
				B686B0C228D08B0B0042D727 /* APIPeriod.swift */,
				B62C784A28D4C883001243D0 /* Model */,
				B62C784B28D4C892001243D0 /* APIManager */,
			);
			path = API;
			sourceTree = "<group>";
		};
/* End PBXGroup section */

/* Begin PBXNativeTarget section */
		B686B06728CA12D70042D727 /* GameDove */ = {
			isa = PBXNativeTarget;
			buildConfigurationList = B686B07C28CA12D80042D727 /* Build configuration list for PBXNativeTarget "GameDove" */;
			buildPhases = (
				B686B06428CA12D70042D727 /* Sources */,
				B686B06528CA12D70042D727 /* Frameworks */,
				B686B06628CA12D70042D727 /* Resources */,
			);
			buildRules = (
			);
			dependencies = (
			);
			name = GameDove;
			packageProductDependencies = (
				B686B0A028CA1EE20042D727 /* SnapKit */,
				B686B0BC28CB3C5E0042D727 /* Kingfisher */,
				B62C784628D4B4DC001243D0 /* JGProgressHUD */,
				B62C785C28D693F8001243D0 /* Toast */,
				B62C786128D6F32E001243D0 /* DeviceKit */,
			);
			productName = GameDove;
			productReference = B686B06828CA12D70042D727 /* GameDove.app */;
			productType = "com.apple.product-type.application";
		};
/* End PBXNativeTarget section */

/* Begin PBXProject section */
		B686B06028CA12D70042D727 /* Project object */ = {
			isa = PBXProject;
			attributes = {
				BuildIndependentTargetsInParallel = 1;
				LastSwiftUpdateCheck = 1340;
				LastUpgradeCheck = 1340;
				TargetAttributes = {
					B686B06728CA12D70042D727 = {
						CreatedOnToolsVersion = 13.4.1;
					};
				};
			};
			buildConfigurationList = B686B06328CA12D70042D727 /* Build configuration list for PBXProject "GameDove" */;
			compatibilityVersion = "Xcode 13.0";
			developmentRegion = en;
			hasScannedForEncodings = 0;
			knownRegions = (
				en,
				Base,
				ko,
				ja,
			);
			mainGroup = B686B05F28CA12D70042D727;
			packageReferences = (
				B686B09F28CA1EE20042D727 /* XCRemoteSwiftPackageReference "SnapKit" */,
				B686B0BB28CB3C5E0042D727 /* XCRemoteSwiftPackageReference "Kingfisher" */,
				B62C784528D4B4DC001243D0 /* XCRemoteSwiftPackageReference "JGProgressHUD" */,
				B62C785B28D693F8001243D0 /* XCRemoteSwiftPackageReference "Toast-Swift" */,
				B62C786028D6F32E001243D0 /* XCRemoteSwiftPackageReference "DeviceKit" */,
			);
			productRefGroup = B686B06928CA12D70042D727 /* Products */;
			projectDirPath = "";
			projectRoot = "";
			targets = (
				B686B06728CA12D70042D727 /* GameDove */,
			);
		};
/* End PBXProject section */

/* Begin PBXResourcesBuildPhase section */
		B686B06628CA12D70042D727 /* Resources */ = {
			isa = PBXResourcesBuildPhase;
			buildActionMask = 2147483647;
			files = (
				B686B08228CA14690042D727 /* Localizable.strings in Resources */,
				B686B07528CA12D80042D727 /* Assets.xcassets in Resources */,
				B686B08928CA168C0042D727 /* InfoPlist.strings in Resources */,
			);
			runOnlyForDeploymentPostprocessing = 0;
		};
/* End PBXResourcesBuildPhase section */

/* Begin PBXSourcesBuildPhase section */
		B686B06428CA12D70042D727 /* Sources */ = {
			isa = PBXSourcesBuildPhase;
			buildActionMask = 2147483647;
			files = (
				B686B0D728D1EF160042D727 /* Observable.swift in Sources */,
				B686B09E28CA1EA30042D727 /* GamesCollectionViewCell.swift in Sources */,
				B686B0CB28D0CA630042D727 /* DetailsView.swift in Sources */,
				B686B0A328CA1FAA0042D727 /* ReusableIdentifier.swift in Sources */,
				B62C784928D4C0BF001243D0 /* DetailsModel.swift in Sources */,
				B686B0CD28D0CAC60042D727 /* BannerCollectionViewCell.swift in Sources */,
				B686B0C928D0CA580042D727 /* DetailsViewController.swift in Sources */,
				B686B0A828CA20880042D727 /* TabBarController.swift in Sources */,
				B686B06C28CA12D70042D727 /* AppDelegate.swift in Sources */,
				B686B0B328CA57680042D727 /* APIKey.swift in Sources */,
				B686B09428CA18E80042D727 /* BaseViewController.swift in Sources */,
				B62C784F28D4C97D001243D0 /* DetailsAPIManager.swift in Sources */,
				B686B09C28CA19BC0042D727 /* NewGameViewController.swift in Sources */,
				B62C784128D328EA001243D0 /* GamesCollectionViewController.swift in Sources */,
				B686B08F28CA18480042D727 /* BaseView.swift in Sources */,
				B686B0B828CB1D040042D727 /* String+Extension.swift in Sources */,
				B62C783E28D309DC001243D0 /* GamesCollectionView.swift in Sources */,
				B686B06E28CA12D70042D727 /* SceneDelegate.swift in Sources */,
				B62C785F28D6A232001243D0 /* SettingsEnum.swift in Sources */,
				B686B09728CA19250042D727 /* ColorSet.swift in Sources */,
				B686B0C328D08B0B0042D727 /* APIPeriod.swift in Sources */,
				B62C785628D63AD5001243D0 /* SettingsViewController.swift in Sources */,
				B686B0AC28CA27F00042D727 /* IconSet.swift in Sources */,
				B62C784D28D4C8BC001243D0 /* ScreenshotsModel.swift in Sources */,
				B686B0AF28CA4EE50042D727 /* GamesModel.swift in Sources */,
				B686B0A528CA1FB50042D727 /* UIViewController+Extension.swift in Sources */,
				B686B0C528D08D4A0042D727 /* SearchViewController.swift in Sources */,
				B62C785A28D63D44001243D0 /* SettingsTableViewCell.swift in Sources */,
				B62C784428D3769B001243D0 /* UpcomingGameViewController.swift in Sources */,
				B686B0BA28CB1DF80042D727 /* Localization.swift in Sources */,
				B686B0BF28CB48B60042D727 /* RatingViewController.swift in Sources */,
				B686B0B628CB0BA10042D727 /* APIQuery.swift in Sources */,
				B686B0B128CA4EF20042D727 /* GamesAPIManager.swift in Sources */,
			);
			runOnlyForDeploymentPostprocessing = 0;
		};
/* End PBXSourcesBuildPhase section */

/* Begin PBXVariantGroup section */
		B686B08428CA14690042D727 /* Localizable.strings */ = {
			isa = PBXVariantGroup;
			children = (
				B686B08328CA14690042D727 /* en */,
				B686B08528CA14B00042D727 /* ko */,
				B686B08628CA14BA0042D727 /* ja */,
			);
			name = Localizable.strings;
			sourceTree = "<group>";
		};
		B686B08B28CA168C0042D727 /* InfoPlist.strings */ = {
			isa = PBXVariantGroup;
			children = (
				B686B08A28CA168C0042D727 /* en */,
				B686B08C28CA168D0042D727 /* ja */,
				B686B08D28CA168E0042D727 /* ko */,
			);
			name = InfoPlist.strings;
			sourceTree = "<group>";
		};
/* End PBXVariantGroup section */

/* Begin XCBuildConfiguration section */
		B686B07A28CA12D80042D727 /* Debug */ = {
			isa = XCBuildConfiguration;
			buildSettings = {
				ALWAYS_SEARCH_USER_PATHS = NO;
				CLANG_ANALYZER_LOCALIZABILITY_NONLOCALIZED = YES;
				CLANG_ANALYZER_NONNULL = YES;
				CLANG_ANALYZER_NUMBER_OBJECT_CONVERSION = YES_AGGRESSIVE;
				CLANG_CXX_LANGUAGE_STANDARD = "gnu++17";
				CLANG_ENABLE_MODULES = YES;
				CLANG_ENABLE_OBJC_ARC = YES;
				CLANG_ENABLE_OBJC_WEAK = YES;
				CLANG_WARN_BLOCK_CAPTURE_AUTORELEASING = YES;
				CLANG_WARN_BOOL_CONVERSION = YES;
				CLANG_WARN_COMMA = YES;
				CLANG_WARN_CONSTANT_CONVERSION = YES;
				CLANG_WARN_DEPRECATED_OBJC_IMPLEMENTATIONS = YES;
				CLANG_WARN_DIRECT_OBJC_ISA_USAGE = YES_ERROR;
				CLANG_WARN_DOCUMENTATION_COMMENTS = YES;
				CLANG_WARN_EMPTY_BODY = YES;
				CLANG_WARN_ENUM_CONVERSION = YES;
				CLANG_WARN_INFINITE_RECURSION = YES;
				CLANG_WARN_INT_CONVERSION = YES;
				CLANG_WARN_NON_LITERAL_NULL_CONVERSION = YES;
				CLANG_WARN_OBJC_IMPLICIT_RETAIN_SELF = YES;
				CLANG_WARN_OBJC_LITERAL_CONVERSION = YES;
				CLANG_WARN_OBJC_ROOT_CLASS = YES_ERROR;
				CLANG_WARN_QUOTED_INCLUDE_IN_FRAMEWORK_HEADER = YES;
				CLANG_WARN_RANGE_LOOP_ANALYSIS = YES;
				CLANG_WARN_STRICT_PROTOTYPES = YES;
				CLANG_WARN_SUSPICIOUS_MOVE = YES;
				CLANG_WARN_UNGUARDED_AVAILABILITY = YES_AGGRESSIVE;
				CLANG_WARN_UNREACHABLE_CODE = YES;
				CLANG_WARN__DUPLICATE_METHOD_MATCH = YES;
				COPY_PHASE_STRIP = NO;
				DEBUG_INFORMATION_FORMAT = dwarf;
				ENABLE_STRICT_OBJC_MSGSEND = YES;
				ENABLE_TESTABILITY = YES;
				GCC_C_LANGUAGE_STANDARD = gnu11;
				GCC_DYNAMIC_NO_PIC = NO;
				GCC_NO_COMMON_BLOCKS = YES;
				GCC_OPTIMIZATION_LEVEL = 0;
				GCC_PREPROCESSOR_DEFINITIONS = (
					"DEBUG=1",
					"$(inherited)",
				);
				GCC_WARN_64_TO_32_BIT_CONVERSION = YES;
				GCC_WARN_ABOUT_RETURN_TYPE = YES_ERROR;
				GCC_WARN_UNDECLARED_SELECTOR = YES;
				GCC_WARN_UNINITIALIZED_AUTOS = YES_AGGRESSIVE;
				GCC_WARN_UNUSED_FUNCTION = YES;
				GCC_WARN_UNUSED_VARIABLE = YES;
				IPHONEOS_DEPLOYMENT_TARGET = 15.5;
				MTL_ENABLE_DEBUG_INFO = INCLUDE_SOURCE;
				MTL_FAST_MATH = YES;
				ONLY_ACTIVE_ARCH = YES;
				SDKROOT = iphoneos;
				SWIFT_ACTIVE_COMPILATION_CONDITIONS = DEBUG;
				SWIFT_OPTIMIZATION_LEVEL = "-Onone";
			};
			name = Debug;
		};
		B686B07B28CA12D80042D727 /* Release */ = {
			isa = XCBuildConfiguration;
			buildSettings = {
				ALWAYS_SEARCH_USER_PATHS = NO;
				CLANG_ANALYZER_LOCALIZABILITY_NONLOCALIZED = YES;
				CLANG_ANALYZER_NONNULL = YES;
				CLANG_ANALYZER_NUMBER_OBJECT_CONVERSION = YES_AGGRESSIVE;
				CLANG_CXX_LANGUAGE_STANDARD = "gnu++17";
				CLANG_ENABLE_MODULES = YES;
				CLANG_ENABLE_OBJC_ARC = YES;
				CLANG_ENABLE_OBJC_WEAK = YES;
				CLANG_WARN_BLOCK_CAPTURE_AUTORELEASING = YES;
				CLANG_WARN_BOOL_CONVERSION = YES;
				CLANG_WARN_COMMA = YES;
				CLANG_WARN_CONSTANT_CONVERSION = YES;
				CLANG_WARN_DEPRECATED_OBJC_IMPLEMENTATIONS = YES;
				CLANG_WARN_DIRECT_OBJC_ISA_USAGE = YES_ERROR;
				CLANG_WARN_DOCUMENTATION_COMMENTS = YES;
				CLANG_WARN_EMPTY_BODY = YES;
				CLANG_WARN_ENUM_CONVERSION = YES;
				CLANG_WARN_INFINITE_RECURSION = YES;
				CLANG_WARN_INT_CONVERSION = YES;
				CLANG_WARN_NON_LITERAL_NULL_CONVERSION = YES;
				CLANG_WARN_OBJC_IMPLICIT_RETAIN_SELF = YES;
				CLANG_WARN_OBJC_LITERAL_CONVERSION = YES;
				CLANG_WARN_OBJC_ROOT_CLASS = YES_ERROR;
				CLANG_WARN_QUOTED_INCLUDE_IN_FRAMEWORK_HEADER = YES;
				CLANG_WARN_RANGE_LOOP_ANALYSIS = YES;
				CLANG_WARN_STRICT_PROTOTYPES = YES;
				CLANG_WARN_SUSPICIOUS_MOVE = YES;
				CLANG_WARN_UNGUARDED_AVAILABILITY = YES_AGGRESSIVE;
				CLANG_WARN_UNREACHABLE_CODE = YES;
				CLANG_WARN__DUPLICATE_METHOD_MATCH = YES;
				COPY_PHASE_STRIP = NO;
				DEBUG_INFORMATION_FORMAT = "dwarf-with-dsym";
				ENABLE_NS_ASSERTIONS = NO;
				ENABLE_STRICT_OBJC_MSGSEND = YES;
				GCC_C_LANGUAGE_STANDARD = gnu11;
				GCC_NO_COMMON_BLOCKS = YES;
				GCC_WARN_64_TO_32_BIT_CONVERSION = YES;
				GCC_WARN_ABOUT_RETURN_TYPE = YES_ERROR;
				GCC_WARN_UNDECLARED_SELECTOR = YES;
				GCC_WARN_UNINITIALIZED_AUTOS = YES_AGGRESSIVE;
				GCC_WARN_UNUSED_FUNCTION = YES;
				GCC_WARN_UNUSED_VARIABLE = YES;
				IPHONEOS_DEPLOYMENT_TARGET = 15.5;
				MTL_ENABLE_DEBUG_INFO = NO;
				MTL_FAST_MATH = YES;
				SDKROOT = iphoneos;
				SWIFT_COMPILATION_MODE = wholemodule;
				SWIFT_OPTIMIZATION_LEVEL = "-O";
				VALIDATE_PRODUCT = YES;
			};
			name = Release;
		};
		B686B07D28CA12D80042D727 /* Debug */ = {
			isa = XCBuildConfiguration;
			buildSettings = {
				ASSETCATALOG_COMPILER_APPICON_NAME = AppIcon;
				ASSETCATALOG_COMPILER_GLOBAL_ACCENT_COLOR_NAME = AccentColor;
				CODE_SIGN_STYLE = Automatic;
				CURRENT_PROJECT_VERSION = 1;
				DEVELOPMENT_TEAM = 2RFRSG9M26;
				GENERATE_INFOPLIST_FILE = YES;
				INFOPLIST_FILE = GameDove/Info.plist;
				INFOPLIST_KEY_CFBundleDisplayName = "앱 아이콘 이름";
				INFOPLIST_KEY_UIApplicationSupportsIndirectInputEvents = YES;
				INFOPLIST_KEY_UILaunchStoryboardName = LaunchScreen;
				INFOPLIST_KEY_UISupportedInterfaceOrientations = UIInterfaceOrientationPortrait;
				INFOPLIST_KEY_UISupportedInterfaceOrientations_iPad = "UIInterfaceOrientationPortrait UIInterfaceOrientationPortraitUpsideDown UIInterfaceOrientationLandscapeLeft UIInterfaceOrientationLandscapeRight";
				INFOPLIST_KEY_UISupportedInterfaceOrientations_iPhone = "UIInterfaceOrientationPortrait UIInterfaceOrientationLandscapeLeft UIInterfaceOrientationLandscapeRight";
				IPHONEOS_DEPLOYMENT_TARGET = 14.0;
				LD_RUNPATH_SEARCH_PATHS = (
					"$(inherited)",
					"@executable_path/Frameworks",
				);
				MARKETING_VERSION = 1.0;
				PRODUCT_BUNDLE_IDENTIFIER = com.lia.GameDove;
				PRODUCT_NAME = "$(TARGET_NAME)";
				SWIFT_EMIT_LOC_STRINGS = YES;
				SWIFT_VERSION = 5.0;
				TARGETED_DEVICE_FAMILY = 1;
			};
			name = Debug;
		};
		B686B07E28CA12D80042D727 /* Release */ = {
			isa = XCBuildConfiguration;
			buildSettings = {
				ASSETCATALOG_COMPILER_APPICON_NAME = AppIcon;
				ASSETCATALOG_COMPILER_GLOBAL_ACCENT_COLOR_NAME = AccentColor;
				CODE_SIGN_STYLE = Automatic;
				CURRENT_PROJECT_VERSION = 1;
				DEVELOPMENT_TEAM = 2RFRSG9M26;
				GENERATE_INFOPLIST_FILE = YES;
				INFOPLIST_FILE = GameDove/Info.plist;
				INFOPLIST_KEY_CFBundleDisplayName = "앱 아이콘 이름";
				INFOPLIST_KEY_UIApplicationSupportsIndirectInputEvents = YES;
				INFOPLIST_KEY_UILaunchStoryboardName = LaunchScreen;
				INFOPLIST_KEY_UISupportedInterfaceOrientations = UIInterfaceOrientationPortrait;
				INFOPLIST_KEY_UISupportedInterfaceOrientations_iPad = "UIInterfaceOrientationPortrait UIInterfaceOrientationPortraitUpsideDown UIInterfaceOrientationLandscapeLeft UIInterfaceOrientationLandscapeRight";
				INFOPLIST_KEY_UISupportedInterfaceOrientations_iPhone = "UIInterfaceOrientationPortrait UIInterfaceOrientationLandscapeLeft UIInterfaceOrientationLandscapeRight";
				IPHONEOS_DEPLOYMENT_TARGET = 14.0;
				LD_RUNPATH_SEARCH_PATHS = (
					"$(inherited)",
					"@executable_path/Frameworks",
				);
				MARKETING_VERSION = 1.0;
				PRODUCT_BUNDLE_IDENTIFIER = com.lia.GameDove;
				PRODUCT_NAME = "$(TARGET_NAME)";
				SWIFT_EMIT_LOC_STRINGS = YES;
				SWIFT_VERSION = 5.0;
				TARGETED_DEVICE_FAMILY = 1;
			};
			name = Release;
		};
/* End XCBuildConfiguration section */

/* Begin XCConfigurationList section */
		B686B06328CA12D70042D727 /* Build configuration list for PBXProject "GameDove" */ = {
			isa = XCConfigurationList;
			buildConfigurations = (
				B686B07A28CA12D80042D727 /* Debug */,
				B686B07B28CA12D80042D727 /* Release */,
			);
			defaultConfigurationIsVisible = 0;
			defaultConfigurationName = Release;
		};
		B686B07C28CA12D80042D727 /* Build configuration list for PBXNativeTarget "GameDove" */ = {
			isa = XCConfigurationList;
			buildConfigurations = (
				B686B07D28CA12D80042D727 /* Debug */,
				B686B07E28CA12D80042D727 /* Release */,
			);
			defaultConfigurationIsVisible = 0;
			defaultConfigurationName = Release;
		};
/* End XCConfigurationList section */

/* Begin XCRemoteSwiftPackageReference section */
		B62C784528D4B4DC001243D0 /* XCRemoteSwiftPackageReference "JGProgressHUD" */ = {
			isa = XCRemoteSwiftPackageReference;
			repositoryURL = "https://github.com/JonasGessner/JGProgressHUD.git";
			requirement = {
				kind = upToNextMajorVersion;
				minimumVersion = 2.0.0;
			};
		};
		B62C785B28D693F8001243D0 /* XCRemoteSwiftPackageReference "Toast-Swift" */ = {
			isa = XCRemoteSwiftPackageReference;
			repositoryURL = "https://github.com/scalessec/Toast-Swift.git";
			requirement = {
				kind = upToNextMajorVersion;
				minimumVersion = 5.0.0;
			};
		};
		B62C786028D6F32E001243D0 /* XCRemoteSwiftPackageReference "DeviceKit" */ = {
			isa = XCRemoteSwiftPackageReference;
			repositoryURL = "https://github.com/devicekit/DeviceKit.git";
			requirement = {
				kind = upToNextMajorVersion;
				minimumVersion = 4.0.0;
			};
		};
		B686B09F28CA1EE20042D727 /* XCRemoteSwiftPackageReference "SnapKit" */ = {
			isa = XCRemoteSwiftPackageReference;
			repositoryURL = "https://github.com/SnapKit/SnapKit.git";
			requirement = {
				kind = upToNextMajorVersion;
				minimumVersion = 5.0.0;
			};
		};
		B686B0BB28CB3C5E0042D727 /* XCRemoteSwiftPackageReference "Kingfisher" */ = {
			isa = XCRemoteSwiftPackageReference;
			repositoryURL = "https://github.com/onevcat/Kingfisher.git";
			requirement = {
				kind = upToNextMajorVersion;
				minimumVersion = 7.0.0;
			};
		};
/* End XCRemoteSwiftPackageReference section */

/* Begin XCSwiftPackageProductDependency section */
		B62C784628D4B4DC001243D0 /* JGProgressHUD */ = {
			isa = XCSwiftPackageProductDependency;
			package = B62C784528D4B4DC001243D0 /* XCRemoteSwiftPackageReference "JGProgressHUD" */;
			productName = JGProgressHUD;
		};
		B62C785C28D693F8001243D0 /* Toast */ = {
			isa = XCSwiftPackageProductDependency;
			package = B62C785B28D693F8001243D0 /* XCRemoteSwiftPackageReference "Toast-Swift" */;
			productName = Toast;
		};
		B62C786128D6F32E001243D0 /* DeviceKit */ = {
			isa = XCSwiftPackageProductDependency;
			package = B62C786028D6F32E001243D0 /* XCRemoteSwiftPackageReference "DeviceKit" */;
			productName = DeviceKit;
		};
		B686B0A028CA1EE20042D727 /* SnapKit */ = {
			isa = XCSwiftPackageProductDependency;
			package = B686B09F28CA1EE20042D727 /* XCRemoteSwiftPackageReference "SnapKit" */;
			productName = SnapKit;
		};
		B686B0BC28CB3C5E0042D727 /* Kingfisher */ = {
			isa = XCSwiftPackageProductDependency;
			package = B686B0BB28CB3C5E0042D727 /* XCRemoteSwiftPackageReference "Kingfisher" */;
			productName = Kingfisher;
		};
/* End XCSwiftPackageProductDependency section */
	};
	rootObject = B686B06028CA12D70042D727 /* Project object */;
}
